{
  "name": "secretary-center",
  "version": "0.0.1",
  "lockfileVersion": 1,
  "requires": true,
  "dependencies": {
    "@types/node": {
      "version": "12.7.11",
      "resolved": "https://registry.npm.taobao.org/@types/node/download/@types/node-12.7.11.tgz?cache=0&sync_timestamp=1570135001934&other_urls=https%3A%2F%2Fregistry.npm.taobao.org%2F%40types%2Fnode%2Fdownload%2F%40types%2Fnode-12.7.11.tgz",
      "integrity": "sha1-voebUgMc+10pWwR/VGLY7xpxZEY=",
      "dev": true
    },
    "typescript": {
      "version": "3.6.3",
      "resolved": "https://registry.npm.taobao.org/typescript/download/typescript-3.6.3.tgz?cache=0&sync_timestamp=1570256436547&other_urls=https%3A%2F%2Fregistry.npm.taobao.org%2Ftypescript%2Fdownload%2Ftypescript-3.6.3.tgz",
      "integrity": "sha1-/qlC+rsg9+HKcWT/Ym8anz9wtNo=",
      "dev": true
    }
  }
}
